{
  "name": "simple-calc-heer",
  "version": "1.0.0",
  "lockfileVersion": 3,
  "requires": true,
  "packages": {
    "": {
      "name": "simple-calc-heer",
      "version": "1.0.0",
      "license": "ISC",
      "dependencies": {
        "simple-calc-heer": "^1.0.0"
      }
    },
    "node_modules/simple-calc-heer": {
      "version": "1.0.0",
      "resolved": "https://registry.npmjs.org/simple-calc-heer/-/simple-calc-heer-1.0.0.tgz",
      "integrity": "sha512-XTuciUqFlIhpOlWWDYhR62GBmpl97wgw4jkH2/p5VmJF8lH7cid9lpOhyiH5aR8O04njV9YXIam3LiNtwcKboA==",
      "license": "ISC"
    }
  }
}
